{
  "name": "github-gemini-code-review",
  "lockfileVersion": 3,
  "requires": true,
  "packages": {
    "": {
      "name": "github-gemini-code-review",
      "dependencies": {
        "@actions/core": "^1.10.1",
        "@actions/github": "^6.0.0",
        "@google/generative-ai": "^0.2.0",
        "@octokit/rest": "^20.0.2"
      }
    },
    "node_modules/@actions/core": {
      "version": "1.11.1",
      "resolved": "https://registry.npmjs.org/@actions/core/-/core-1.11.1.tgz",
      "integrity": "sha512-hXJCSrkwfA46Vd9Z3q4cpEpHB1rL5NG04+/rbqW9d3+CSvtB1tYe8UTpAlixa1vj0m/ULglfEK2UKxMGxCxv5A==",
      "dependencies": {
        "@actions/exec": "^1.1.1",
        "@actions/http-client": "^2.0.1"
      }
    },
    "node_modules/@actions/github": {
      "version": "6.0.0",
      "resolved": "https://registry.npmjs.org/@actions/github/-/github-6.0.0.tgz",
      "integrity": "sha512-alScpSVnYmjNEXboZjarjukQEzgCRmjMv6Xj47fsdnqGS73bjJNDpiiXmp8jr0UZLdUB6d9jW63IcmddUP+l0g==",
      "dependencies": {
        "@actions/http-client": "^2.2.0",
        "@octokit/core": "^5.0.1",
        "@octokit/plugin-paginate-rest": "^9.0.0",
        "@octokit/plugin-rest-endpoint-methods": "^10.0.0"
      }
    },
    "node_modules/@google/generative-ai": {
      "version": "0.2.0",
      "resolved": "https://registry.npmjs.org/@google/generative-ai/-/generative-ai-0.2.0.tgz",
      "integrity": "sha512-nzGrCH0tSYDQ4yJDYQxVxTQBGLYx0RPmDv+c9b3Jw2p2zLEO9ukDYlQzFYBBMRQwFPmzGGfqPEk+Nf+e9JXXng=="
    },
    "node_modules/@octokit/rest": {
      "version": "20.0.2",
      "resolved": "https://registry.npmjs.org/@octokit/rest/-/rest-20.0.2.tgz",
      "integrity": "sha512-Ux8NDgEraQ/DMAU5gHqQHUGxJBr/0ZQhojy3qv0XoKdL/Y4GpHNxTVaAL3ULJx+4fTWWhG+giQMV6Tdp+G4DZw==",
      "dependencies": {
        "@octokit/core": "^5.0.0",
        "@octokit/plugin-paginate-rest": "^9.0.0",
        "@octokit/plugin-request-log": "^4.0.0",
        "@octokit/plugin-rest-endpoint-methods": "^10.0.0"
      },
      "engines": {
        "node": ">= 18"
      }
    }
  }
}
